// !$*UTF8*$!
{
	archiveVersion = 1;
	classes = {
	};
	objectVersion = 77;
	objects = {

/* Begin PBXBuildFile section */
		B3BEC3862EEA664D0063B198 /* Stock Tracker Notification.appex in Embed Foundation Extensions */ = {isa = PBXBuildFile; fileRef = B3BEC37F2EEA664D0063B198 /* Stock Tracker Notification.appex */; settings = {ATTRIBUTES = (RemoveHeadersOnCopy, ); }; };
		B3BEC3D72EEAE6F30063B198 /* WidgetKit.framework in Frameworks */ = {isa = PBXBuildFile; fileRef = B3BEC31A2EEA63500063B198 /* WidgetKit.framework */; };
		B3BEC3D82EEAE6F30063B198 /* SwiftUI.framework in Frameworks */ = {isa = PBXBuildFile; fileRef = B3BEC31C2EEA63510063B198 /* SwiftUI.framework */; };
		B3BEC3E92EEAE6F50063B198 /* Stock Tracker WidgetExtension.appex in Embed Foundation Extensions */ = {isa = PBXBuildFile; fileRef = B3BEC3D62EEAE6F30063B198 /* Stock Tracker WidgetExtension.appex */; settings = {ATTRIBUTES = (RemoveHeadersOnCopy, ); }; };
/* End PBXBuildFile section */

/* Begin PBXContainerItemProxy section */
		B3BEC3842EEA664D0063B198 /* PBXContainerItemProxy */ = {
			isa = PBXContainerItemProxy;
			containerPortal = B3B9AE1D2ED9CE2D005F35F7 /* Project object */;
			proxyType = 1;
			remoteGlobalIDString = B3BEC37E2EEA664D0063B198;
			remoteInfo = "Stock Tracker Notification";
		};
		B3BEC3E72EEAE6F50063B198 /* PBXContainerItemProxy */ = {
			isa = PBXContainerItemProxy;
			containerPortal = B3B9AE1D2ED9CE2D005F35F7 /* Project object */;
			proxyType = 1;
			remoteGlobalIDString = B3BEC3D52EEAE6F30063B198;
			remoteInfo = "Stock Tracker WidgetExtension";
		};
/* End PBXContainerItemProxy section */

/* Begin PBXCopyFilesBuildPhase section */
		B3BEC3332EEA63540063B198 /* Embed Foundation Extensions */ = {
			isa = PBXCopyFilesBuildPhase;
			buildActionMask = 2147483647;
			dstPath = "";
			dstSubfolderSpec = 13;
			files = (
				B3BEC3E92EEAE6F50063B198 /* Stock Tracker WidgetExtension.appex in Embed Foundation Extensions */,
				B3BEC3862EEA664D0063B198 /* Stock Tracker Notification.appex in Embed Foundation Extensions */,
			);
			name = "Embed Foundation Extensions";
			runOnlyForDeploymentPostprocessing = 0;
		};
/* End PBXCopyFilesBuildPhase section */

/* Begin PBXFileReference section */
		B3B9AE252ED9CE2D005F35F7 /* Stock Tracker.app */ = {isa = PBXFileReference; explicitFileType = wrapper.application; includeInIndex = 0; path = "Stock Tracker.app"; sourceTree = BUILT_PRODUCTS_DIR; };
		B3BEC31A2EEA63500063B198 /* WidgetKit.framework */ = {isa = PBXFileReference; lastKnownFileType = wrapper.framework; name = WidgetKit.framework; path = System/Library/Frameworks/WidgetKit.framework; sourceTree = SDKROOT; };
		B3BEC31C2EEA63510063B198 /* SwiftUI.framework */ = {isa = PBXFileReference; lastKnownFileType = wrapper.framework; name = SwiftUI.framework; path = System/Library/Frameworks/SwiftUI.framework; sourceTree = SDKROOT; };
		B3BEC37F2EEA664D0063B198 /* Stock Tracker Notification.appex */ = {isa = PBXFileReference; explicitFileType = "wrapper.app-extension"; includeInIndex = 0; path = "Stock Tracker Notification.appex"; sourceTree = BUILT_PRODUCTS_DIR; };
		B3BEC3D62EEAE6F30063B198 /* Stock Tracker WidgetExtension.appex */ = {isa = PBXFileReference; explicitFileType = "wrapper.app-extension"; includeInIndex = 0; path = "Stock Tracker WidgetExtension.appex"; sourceTree = BUILT_PRODUCTS_DIR; };
/* End PBXFileReference section */

/* Begin PBXFileSystemSynchronizedBuildFileExceptionSet section */
		B3BEC3872EEA664D0063B198 /* Exceptions for "Stock Tracker Notification" folder in "Stock Tracker Notification" target */ = {
			isa = PBXFileSystemSynchronizedBuildFileExceptionSet;
			membershipExceptions = (
				Info.plist,
			);
			target = B3BEC37E2EEA664D0063B198 /* Stock Tracker Notification */;
		};
		B3BEC3EA2EEAE6F50063B198 /* Exceptions for "Stock Tracker Widget" folder in "Stock Tracker WidgetExtension" target */ = {
			isa = PBXFileSystemSynchronizedBuildFileExceptionSet;
			membershipExceptions = (
				Info.plist,
				PortfolioSummaryEntry.swift,
			);
			target = B3BEC3D52EEAE6F30063B198 /* Stock Tracker WidgetExtension */;
		};
		B3BEC3EE2EEAE7720063B198 /* Exceptions for "Stock Tracker Widget" folder in "Stock Tracker" target */ = {
			isa = PBXFileSystemSynchronizedBuildFileExceptionSet;
			membershipExceptions = (
				PortfolioSummaryEntry.swift,
			);
			target = B3B9AE242ED9CE2D005F35F7 /* Stock Tracker */;
		};
		B3BEC4002EF146BD0063B198 /* Exceptions for "Stock Tracker" folder in "Stock Tracker" target */ = {
			isa = PBXFileSystemSynchronizedBuildFileExceptionSet;
			membershipExceptions = (
				Info.txt,
			);
			target = B3B9AE242ED9CE2D005F35F7 /* Stock Tracker */;
		};
/* End PBXFileSystemSynchronizedBuildFileExceptionSet section */

/* Begin PBXFileSystemSynchronizedGroupBuildPhaseMembershipExceptionSet section */
		B3BEC4012EF146BD0063B198 /* Exceptions for "Stock Tracker" folder in "Compile Sources" phase from "Stock Tracker" target */ = {
			isa = PBXFileSystemSynchronizedGroupBuildPhaseMembershipExceptionSet;
			buildPhase = B3B9AE212ED9CE2D005F35F7 /* Sources */;
			membershipExceptions = (
				Info.txt,
			);
		};
/* End PBXFileSystemSynchronizedGroupBuildPhaseMembershipExceptionSet section */

/* Begin PBXFileSystemSynchronizedRootGroup section */
		B3B9AE272ED9CE2D005F35F7 /* Stock Tracker */ = {
			isa = PBXFileSystemSynchronizedRootGroup;
			exceptions = (
				B3BEC4002EF146BD0063B198 /* Exceptions for "Stock Tracker" folder in "Stock Tracker" target */,
				B3BEC4012EF146BD0063B198 /* Exceptions for "Stock Tracker" folder in "Compile Sources" phase from "Stock Tracker" target */,
			);
			path = "Stock Tracker";
			sourceTree = "<group>";
		};
		B3BEC3802EEA664D0063B198 /* Stock Tracker Notification */ = {
			isa = PBXFileSystemSynchronizedRootGroup;
			exceptions = (
				B3BEC3872EEA664D0063B198 /* Exceptions for "Stock Tracker Notification" folder in "Stock Tracker Notification" target */,
			);
			path = "Stock Tracker Notification";
			sourceTree = "<group>";
		};
		B3BEC3D92EEAE6F30063B198 /* Stock Tracker Widget */ = {
			isa = PBXFileSystemSynchronizedRootGroup;
			exceptions = (
				B3BEC3EE2EEAE7720063B198 /* Exceptions for "Stock Tracker Widget" folder in "Stock Tracker" target */,
				B3BEC3EA2EEAE6F50063B198 /* Exceptions for "Stock Tracker Widget" folder in "Stock Tracker WidgetExtension" target */,
			);
			path = "Stock Tracker Widget";
			sourceTree = "<group>";
		};
/* End PBXFileSystemSynchronizedRootGroup section */

/* Begin PBXFrameworksBuildPhase section */
		B3B9AE222ED9CE2D005F35F7 /* Frameworks */ = {
			isa = PBXFrameworksBuildPhase;
			buildActionMask = 2147483647;
			files = (
			);
			runOnlyForDeploymentPostprocessing = 0;
		};
		B3BEC37C2EEA664D0063B198 /* Frameworks */ = {
			isa = PBXFrameworksBuildPhase;
			buildActionMask = 2147483647;
			files = (
			);
			runOnlyForDeploymentPostprocessing = 0;
		};
		B3BEC3D32EEAE6F30063B198 /* Frameworks */ = {
			isa = PBXFrameworksBuildPhase;
			buildActionMask = 2147483647;
			files = (
				B3BEC3D82EEAE6F30063B198 /* SwiftUI.framework in Frameworks */,
				B3BEC3D72EEAE6F30063B198 /* WidgetKit.framework in Frameworks */,
			);
			runOnlyForDeploymentPostprocessing = 0;
		};
/* End PBXFrameworksBuildPhase section */

/* Begin PBXGroup section */
		B3B9AE1C2ED9CE2D005F35F7 = {
			isa = PBXGroup;
			children = (
				B3B9AE272ED9CE2D005F35F7 /* Stock Tracker */,
				B3BEC3802EEA664D0063B198 /* Stock Tracker Notification */,
				B3BEC3D92EEAE6F30063B198 /* Stock Tracker Widget */,
				B3BEC3192EEA63500063B198 /* Frameworks */,
				B3B9AE262ED9CE2D005F35F7 /* Products */,
			);
			sourceTree = "<group>";
		};
		B3B9AE262ED9CE2D005F35F7 /* Products */ = {
			isa = PBXGroup;
			children = (
				B3B9AE252ED9CE2D005F35F7 /* Stock Tracker.app */,
				B3BEC37F2EEA664D0063B198 /* Stock Tracker Notification.appex */,
				B3BEC3D62EEAE6F30063B198 /* Stock Tracker WidgetExtension.appex */,
			);
			name = Products;
			sourceTree = "<group>";
		};
		B3BEC3192EEA63500063B198 /* Frameworks */ = {
			isa = PBXGroup;
			children = (
				B3BEC31A2EEA63500063B198 /* WidgetKit.framework */,
				B3BEC31C2EEA63510063B198 /* SwiftUI.framework */,
			);
			name = Frameworks;
			sourceTree = "<group>";
		};
/* End PBXGroup section */

/* Begin PBXNativeTarget section */
		B3B9AE242ED9CE2D005F35F7 /* Stock Tracker */ = {
			isa = PBXNativeTarget;
			buildConfigurationList = B3B9AE302ED9CE31005F35F7 /* Build configuration list for PBXNativeTarget "Stock Tracker" */;
			buildPhases = (
				B3B9AE212ED9CE2D005F35F7 /* Sources */,
				B3B9AE222ED9CE2D005F35F7 /* Frameworks */,
				B3B9AE232ED9CE2D005F35F7 /* Resources */,
				B3BEC3332EEA63540063B198 /* Embed Foundation Extensions */,
			);
			buildRules = (
			);
			dependencies = (
				B3BEC3852EEA664D0063B198 /* PBXTargetDependency */,
				B3BEC3E82EEAE6F50063B198 /* PBXTargetDependency */,
			);
			fileSystemSynchronizedGroups = (
				B3B9AE272ED9CE2D005F35F7 /* Stock Tracker */,
			);
			name = "Stock Tracker";
			packageProductDependencies = (
			);
			productName = "Stock Tracker";
			productReference = B3B9AE252ED9CE2D005F35F7 /* Stock Tracker.app */;
			productType = "com.apple.product-type.application";
		};
		B3BEC37E2EEA664D0063B198 /* Stock Tracker Notification */ = {
			isa = PBXNativeTarget;
			buildConfigurationList = B3BEC3882EEA664D0063B198 /* Build configuration list for PBXNativeTarget "Stock Tracker Notification" */;
			buildPhases = (
				B3BEC37B2EEA664D0063B198 /* Sources */,
				B3BEC37C2EEA664D0063B198 /* Frameworks */,
				B3BEC37D2EEA664D0063B198 /* Resources */,
			);
			buildRules = (
			);
			dependencies = (
			);
			fileSystemSynchronizedGroups = (
				B3BEC3802EEA664D0063B198 /* Stock Tracker Notification */,
			);
			name = "Stock Tracker Notification";
			packageProductDependencies = (
			);
			productName = "Stock Tracker Notification";
			productReference = B3BEC37F2EEA664D0063B198 /* Stock Tracker Notification.appex */;
			productType = "com.apple.product-type.app-extension";
		};
		B3BEC3D52EEAE6F30063B198 /* Stock Tracker WidgetExtension */ = {
			isa = PBXNativeTarget;
			buildConfigurationList = B3BEC3EB2EEAE6F50063B198 /* Build configuration list for PBXNativeTarget "Stock Tracker WidgetExtension" */;
			buildPhases = (
				B3BEC3D22EEAE6F30063B198 /* Sources */,
				B3BEC3D32EEAE6F30063B198 /* Frameworks */,
				B3BEC3D42EEAE6F30063B198 /* Resources */,
			);
			buildRules = (
			);
			dependencies = (
			);
			fileSystemSynchronizedGroups = (
				B3BEC3D92EEAE6F30063B198 /* Stock Tracker Widget */,
			);
			name = "Stock Tracker WidgetExtension";
			packageProductDependencies = (
			);
			productName = "Stock Tracker WidgetExtension";
			productReference = B3BEC3D62EEAE6F30063B198 /* Stock Tracker WidgetExtension.appex */;
			productType = "com.apple.product-type.app-extension";
		};
/* End PBXNativeTarget section */

/* Begin PBXProject section */
		B3B9AE1D2ED9CE2D005F35F7 /* Project object */ = {
			isa = PBXProject;
			attributes = {
				BuildIndependentTargetsInParallel = 1;
				LastSwiftUpdateCheck = 2610;
				LastUpgradeCheck = 2610;
				TargetAttributes = {
					B3B9AE242ED9CE2D005F35F7 = {
						CreatedOnToolsVersion = 26.1.1;
					};
					B3BEC37E2EEA664D0063B198 = {
						CreatedOnToolsVersion = 26.1.1;
					};
					B3BEC3D52EEAE6F30063B198 = {
						CreatedOnToolsVersion = 26.1.1;
					};
				};
			};
			buildConfigurationList = B3B9AE202ED9CE2D005F35F7 /* Build configuration list for PBXProject "Stock Tracker" */;
			developmentRegion = en;
			hasScannedForEncodings = 0;
			knownRegions = (
				en,
				Base,
			);
			mainGroup = B3B9AE1C2ED9CE2D005F35F7;
			minimizedProjectReferenceProxies = 1;
			preferredProjectObjectVersion = 77;
			productRefGroup = B3B9AE262ED9CE2D005F35F7 /* Products */;
			projectDirPath = "";
			projectRoot = "";
			targets = (
				B3B9AE242ED9CE2D005F35F7 /* Stock Tracker */,
				B3BEC37E2EEA664D0063B198 /* Stock Tracker Notification */,
				B3BEC3D52EEAE6F30063B198 /* Stock Tracker WidgetExtension */,
			);
		};
/* End PBXProject section */

/* Begin PBXResourcesBuildPhase section */
		B3B9AE232ED9CE2D005F35F7 /* Resources */ = {
			isa = PBXResourcesBuildPhase;
			buildActionMask = 2147483647;
			files = (
			);
			runOnlyForDeploymentPostprocessing = 0;
		};
		B3BEC37D2EEA664D0063B198 /* Resources */ = {
			isa = PBXResourcesBuildPhase;
			buildActionMask = 2147483647;
			files = (
			);
			runOnlyForDeploymentPostprocessing = 0;
		};
		B3BEC3D42EEAE6F30063B198 /* Resources */ = {
			isa = PBXResourcesBuildPhase;
			buildActionMask = 2147483647;
			files = (
			);
			runOnlyForDeploymentPostprocessing = 0;
		};
/* End PBXResourcesBuildPhase section */

/* Begin PBXSourcesBuildPhase section */
		B3B9AE212ED9CE2D005F35F7 /* Sources */ = {
			isa = PBXSourcesBuildPhase;
			buildActionMask = 2147483647;
			files = (
			);
			runOnlyForDeploymentPostprocessing = 0;
		};
		B3BEC37B2EEA664D0063B198 /* Sources */ = {
			isa = PBXSourcesBuildPhase;
			buildActionMask = 2147483647;
			files = (
			);
			runOnlyForDeploymentPostprocessing = 0;
		};
		B3BEC3D22EEAE6F30063B198 /* Sources */ = {
			isa = PBXSourcesBuildPhase;
			buildActionMask = 2147483647;
			files = (
			);
			runOnlyForDeploymentPostprocessing = 0;
		};
/* End PBXSourcesBuildPhase section */

/* Begin PBXTargetDependency section */
		B3BEC3852EEA664D0063B198 /* PBXTargetDependency */ = {
			isa = PBXTargetDependency;
			target = B3BEC37E2EEA664D0063B198 /* Stock Tracker Notification */;
			targetProxy = B3BEC3842EEA664D0063B198 /* PBXContainerItemProxy */;
		};
		B3BEC3E82EEAE6F50063B198 /* PBXTargetDependency */ = {
			isa = PBXTargetDependency;
			target = B3BEC3D52EEAE6F30063B198 /* Stock Tracker WidgetExtension */;
			targetProxy = B3BEC3E72EEAE6F50063B198 /* PBXContainerItemProxy */;
		};
/* End PBXTargetDependency section */

/* Begin XCBuildConfiguration section */
		B3B9AE2E2ED9CE31005F35F7 /* Debug */ = {
			isa = XCBuildConfiguration;
			buildSettings = {
				ALWAYS_SEARCH_USER_PATHS = NO;
				ASSETCATALOG_COMPILER_GENERATE_SWIFT_ASSET_SYMBOL_EXTENSIONS = YES;
				CLANG_ANALYZER_NONNULL = YES;
				CLANG_ANALYZER_NUMBER_OBJECT_CONVERSION = YES_AGGRESSIVE;
				CLANG_CXX_LANGUAGE_STANDARD = "gnu++20";
				CLANG_ENABLE_MODULES = YES;
				CLANG_ENABLE_OBJC_ARC = YES;
				CLANG_ENABLE_OBJC_WEAK = YES;
				CLANG_WARN_BLOCK_CAPTURE_AUTORELEASING = YES;
				CLANG_WARN_BOOL_CONVERSION = YES;
				CLANG_WARN_COMMA = YES;
				CLANG_WARN_CONSTANT_CONVERSION = YES;
				CLANG_WARN_DEPRECATED_OBJC_IMPLEMENTATIONS = YES;
				CLANG_WARN_DIRECT_OBJC_ISA_USAGE = YES_ERROR;
				CLANG_WARN_DOCUMENTATION_COMMENTS = YES;
				CLANG_WARN_EMPTY_BODY = YES;
				CLANG_WARN_ENUM_CONVERSION = YES;
				CLANG_WARN_INFINITE_RECURSION = YES;
				CLANG_WARN_INT_CONVERSION = YES;
				CLANG_WARN_NON_LITERAL_NULL_CONVERSION = YES;
				CLANG_WARN_OBJC_IMPLICIT_RETAIN_SELF = YES;
				CLANG_WARN_OBJC_LITERAL_CONVERSION = YES;
				CLANG_WARN_OBJC_ROOT_CLASS = YES_ERROR;
				CLANG_WARN_QUOTED_INCLUDE_IN_FRAMEWORK_HEADER = YES;
				CLANG_WARN_RANGE_LOOP_ANALYSIS = YES;
				CLANG_WARN_STRICT_PROTOTYPES = YES;
				CLANG_WARN_SUSPICIOUS_MOVE = YES;
				CLANG_WARN_UNGUARDED_AVAILABILITY = YES_AGGRESSIVE;
				CLANG_WARN_UNREACHABLE_CODE = YES;
				CLANG_WARN__DUPLICATE_METHOD_MATCH = YES;
				COPY_PHASE_STRIP = NO;
				DEBUG_INFORMATION_FORMAT = dwarf;
				ENABLE_STRICT_OBJC_MSGSEND = YES;
				ENABLE_TESTABILITY = YES;
				ENABLE_USER_SCRIPT_SANDBOXING = YES;
				GCC_C_LANGUAGE_STANDARD = gnu17;
				GCC_DYNAMIC_NO_PIC = NO;
				GCC_NO_COMMON_BLOCKS = YES;
				GCC_OPTIMIZATION_LEVEL = 0;
				GCC_PREPROCESSOR_DEFINITIONS = (
					"DEBUG=1",
					"$(inherited)",
				);
				GCC_WARN_64_TO_32_BIT_CONVERSION = YES;
				GCC_WARN_ABOUT_RETURN_TYPE = YES_ERROR;
				GCC_WARN_UNDECLARED_SELECTOR = YES;
				GCC_WARN_UNINITIALIZED_AUTOS = YES_AGGRESSIVE;
				GCC_WARN_UNUSED_FUNCTION = YES;
				GCC_WARN_UNUSED_VARIABLE = YES;
				IPHONEOS_DEPLOYMENT_TARGET = 26.1;
				LOCALIZATION_PREFERS_STRING_CATALOGS = YES;
				MTL_ENABLE_DEBUG_INFO = INCLUDE_SOURCE;
				MTL_FAST_MATH = YES;
				ONLY_ACTIVE_ARCH = YES;
				SDKROOT = iphoneos;
				SWIFT_ACTIVE_COMPILATION_CONDITIONS = "DEBUG $(inherited)";
				SWIFT_OPTIMIZATION_LEVEL = "-Onone";
			};
			name = Debug;
		};
		B3B9AE2F2ED9CE31005F35F7 /* Release */ = {
			isa = XCBuildConfiguration;
			buildSettings = {
				ALWAYS_SEARCH_USER_PATHS = NO;
				ASSETCATALOG_COMPILER_GENERATE_SWIFT_ASSET_SYMBOL_EXTENSIONS = YES;
				CLANG_ANALYZER_NONNULL = YES;
				CLANG_ANALYZER_NUMBER_OBJECT_CONVERSION = YES_AGGRESSIVE;
				CLANG_CXX_LANGUAGE_STANDARD = "gnu++20";
				CLANG_ENABLE_MODULES = YES;
				CLANG_ENABLE_OBJC_ARC = YES;
				CLANG_ENABLE_OBJC_WEAK = YES;
				CLANG_WARN_BLOCK_CAPTURE_AUTORELEASING = YES;
				CLANG_WARN_BOOL_CONVERSION = YES;
				CLANG_WARN_COMMA = YES;
				CLANG_WARN_CONSTANT_CONVERSION = YES;
				CLANG_WARN_DEPRECATED_OBJC_IMPLEMENTATIONS = YES;
				CLANG_WARN_DIRECT_OBJC_ISA_USAGE = YES_ERROR;
				CLANG_WARN_DOCUMENTATION_COMMENTS = YES;
				CLANG_WARN_EMPTY_BODY = YES;
				CLANG_WARN_ENUM_CONVERSION = YES;
				CLANG_WARN_INFINITE_RECURSION = YES;
				CLANG_WARN_INT_CONVERSION = YES;
				CLANG_WARN_NON_LITERAL_NULL_CONVERSION = YES;
				CLANG_WARN_OBJC_IMPLICIT_RETAIN_SELF = YES;
				CLANG_WARN_OBJC_LITERAL_CONVERSION = YES;
				CLANG_WARN_OBJC_ROOT_CLASS = YES_ERROR;
				CLANG_WARN_QUOTED_INCLUDE_IN_FRAMEWORK_HEADER = YES;
				CLANG_WARN_RANGE_LOOP_ANALYSIS = YES;
				CLANG_WARN_STRICT_PROTOTYPES = YES;
				CLANG_WARN_SUSPICIOUS_MOVE = YES;
				CLANG_WARN_UNGUARDED_AVAILABILITY = YES_AGGRESSIVE;
				CLANG_WARN_UNREACHABLE_CODE = YES;
				CLANG_WARN__DUPLICATE_METHOD_MATCH = YES;
				COPY_PHASE_STRIP = NO;
				DEBUG_INFORMATION_FORMAT = "dwarf-with-dsym";
				ENABLE_NS_ASSERTIONS = NO;
				ENABLE_STRICT_OBJC_MSGSEND = YES;
				ENABLE_USER_SCRIPT_SANDBOXING = YES;
				GCC_C_LANGUAGE_STANDARD = gnu17;
				GCC_NO_COMMON_BLOCKS = YES;
				GCC_WARN_64_TO_32_BIT_CONVERSION = YES;
				GCC_WARN_ABOUT_RETURN_TYPE = YES_ERROR;
				GCC_WARN_UNDECLARED_SELECTOR = YES;
				GCC_WARN_UNINITIALIZED_AUTOS = YES_AGGRESSIVE;
				GCC_WARN_UNUSED_FUNCTION = YES;
				GCC_WARN_UNUSED_VARIABLE = YES;
				IPHONEOS_DEPLOYMENT_TARGET = 26.1;
				LOCALIZATION_PREFERS_STRING_CATALOGS = YES;
				MTL_ENABLE_DEBUG_INFO = NO;
				MTL_FAST_MATH = YES;
				SDKROOT = iphoneos;
				SWIFT_COMPILATION_MODE = wholemodule;
				VALIDATE_PRODUCT = YES;
			};
			name = Release;
		};
		B3B9AE312ED9CE31005F35F7 /* Debug */ = {
			isa = XCBuildConfiguration;
			buildSettings = {
				ASSETCATALOG_COMPILER_APPICON_NAME = AppIcon;
				ASSETCATALOG_COMPILER_GLOBAL_ACCENT_COLOR_NAME = AccentColor;
				ASSETCATALOG_COMPILER_INCLUDE_ALL_APPICON_ASSETS = YES;
				CODE_SIGN_IDENTITY = "Apple Development";
				CODE_SIGN_STYLE = Automatic;
				CURRENT_PROJECT_VERSION = 1;
				DEVELOPMENT_TEAM = Y6DJA2Y4B8;
				ENABLE_PREVIEWS = YES;
				GENERATE_INFOPLIST_FILE = YES;
				INFOPLIST_KEY_NSFaceIDUsageDescription = "";
				INFOPLIST_KEY_UIApplicationSceneManifest_Generation = YES;
				INFOPLIST_KEY_UIApplicationSupportsIndirectInputEvents = YES;
				INFOPLIST_KEY_UILaunchScreen_Generation = YES;
				INFOPLIST_KEY_UISupportedInterfaceOrientations_iPad = "UIInterfaceOrientationPortrait UIInterfaceOrientationPortraitUpsideDown UIInterfaceOrientationLandscapeLeft UIInterfaceOrientationLandscapeRight";
				INFOPLIST_KEY_UISupportedInterfaceOrientations_iPhone = "UIInterfaceOrientationPortrait UIInterfaceOrientationLandscapeLeft UIInterfaceOrientationLandscapeRight";
				LD_RUNPATH_SEARCH_PATHS = (
					"$(inherited)",
					"@executable_path/Frameworks",
				);
				MARKETING_VERSION = 1.0;
				PRODUCT_BUNDLE_IDENTIFIER = "Cubeplay.Stock-Tracker";
				PRODUCT_NAME = "$(TARGET_NAME)";
				PROVISIONING_PROFILE_SPECIFIER = "";
				STRING_CATALOG_GENERATE_SYMBOLS = YES;
				SWIFT_APPROACHABLE_CONCURRENCY = YES;
				SWIFT_DEFAULT_ACTOR_ISOLATION = MainActor;
				SWIFT_EMIT_LOC_STRINGS = YES;
				SWIFT_UPCOMING_FEATURE_MEMBER_IMPORT_VISIBILITY = YES;
				SWIFT_VERSION = 5.0;
				TARGETED_DEVICE_FAMILY = "1,2";
			};
			name = Debug;
		};
		B3B9AE322ED9CE31005F35F7 /* Release */ = {
			isa = XCBuildConfiguration;
			buildSettings = {
				ASSETCATALOG_COMPILER_APPICON_NAME = AppIcon;
				ASSETCATALOG_COMPILER_GLOBAL_ACCENT_COLOR_NAME = AccentColor;
				ASSETCATALOG_COMPILER_INCLUDE_ALL_APPICON_ASSETS = YES;
				CODE_SIGN_IDENTITY = "Apple Development";
				CODE_SIGN_STYLE = Automatic;
				CURRENT_PROJECT_VERSION = 1;
				DEVELOPMENT_TEAM = Y6DJA2Y4B8;
				ENABLE_PREVIEWS = YES;
				GENERATE_INFOPLIST_FILE = YES;
				INFOPLIST_KEY_NSFaceIDUsageDescription = "";
				INFOPLIST_KEY_UIApplicationSceneManifest_Generation = YES;
				INFOPLIST_KEY_UIApplicationSupportsIndirectInputEvents = YES;
				INFOPLIST_KEY_UILaunchScreen_Generation = YES;
				INFOPLIST_KEY_UISupportedInterfaceOrientations_iPad = "UIInterfaceOrientationPortrait UIInterfaceOrientationPortraitUpsideDown UIInterfaceOrientationLandscapeLeft UIInterfaceOrientationLandscapeRight";
				INFOPLIST_KEY_UISupportedInterfaceOrientations_iPhone = "UIInterfaceOrientationPortrait UIInterfaceOrientationLandscapeLeft UIInterfaceOrientationLandscapeRight";
				LD_RUNPATH_SEARCH_PATHS = (
					"$(inherited)",
					"@executable_path/Frameworks",
				);
				MARKETING_VERSION = 1.0;
				PRODUCT_BUNDLE_IDENTIFIER = "Cubeplay.Stock-Tracker";
				PRODUCT_NAME = "$(TARGET_NAME)";
				PROVISIONING_PROFILE_SPECIFIER = "";
				STRING_CATALOG_GENERATE_SYMBOLS = YES;
				SWIFT_APPROACHABLE_CONCURRENCY = YES;
				SWIFT_DEFAULT_ACTOR_ISOLATION = MainActor;
				SWIFT_EMIT_LOC_STRINGS = YES;
				SWIFT_UPCOMING_FEATURE_MEMBER_IMPORT_VISIBILITY = YES;
				SWIFT_VERSION = 5.0;
				TARGETED_DEVICE_FAMILY = "1,2";
			};
			name = Release;
		};
		B3BEC3892EEA664D0063B198 /* Debug */ = {
			isa = XCBuildConfiguration;
			buildSettings = {
				CODE_SIGN_IDENTITY = "Apple Development";
				CODE_SIGN_STYLE = Automatic;
				CURRENT_PROJECT_VERSION = 1;
				DEVELOPMENT_TEAM = Y6DJA2Y4B8;
				GENERATE_INFOPLIST_FILE = YES;
				INFOPLIST_FILE = "Stock Tracker Notification/Info.plist";
				INFOPLIST_KEY_CFBundleDisplayName = "Stock Tracker Notification";
				INFOPLIST_KEY_NSHumanReadableCopyright = "";
				LD_RUNPATH_SEARCH_PATHS = (
					"$(inherited)",
					"@executable_path/Frameworks",
					"@executable_path/../../Frameworks",
				);
				MARKETING_VERSION = 1.0;
				PRODUCT_BUNDLE_IDENTIFIER = "Cubeplay.Stock-Tracker.Stock-Tracker-Notification";
				PRODUCT_NAME = "$(TARGET_NAME)";
				SKIP_INSTALL = YES;
				STRING_CATALOG_GENERATE_SYMBOLS = YES;
				SWIFT_APPROACHABLE_CONCURRENCY = YES;
				SWIFT_EMIT_LOC_STRINGS = YES;
				SWIFT_UPCOMING_FEATURE_MEMBER_IMPORT_VISIBILITY = YES;
				SWIFT_VERSION = 5.0;
				TARGETED_DEVICE_FAMILY = "1,2";
			};
			name = Debug;
		};
		B3BEC38A2EEA664D0063B198 /* Release */ = {
			isa = XCBuildConfiguration;
			buildSettings = {
				CODE_SIGN_IDENTITY = "Apple Development";
				CODE_SIGN_STYLE = Automatic;
				CURRENT_PROJECT_VERSION = 1;
				DEVELOPMENT_TEAM = Y6DJA2Y4B8;
				GENERATE_INFOPLIST_FILE = YES;
				INFOPLIST_FILE = "Stock Tracker Notification/Info.plist";
				INFOPLIST_KEY_CFBundleDisplayName = "Stock Tracker Notification";
				INFOPLIST_KEY_NSHumanReadableCopyright = "";
				LD_RUNPATH_SEARCH_PATHS = (
					"$(inherited)",
					"@executable_path/Frameworks",
					"@executable_path/../../Frameworks",
				);
				MARKETING_VERSION = 1.0;
				PRODUCT_BUNDLE_IDENTIFIER = "Cubeplay.Stock-Tracker.Stock-Tracker-Notification";
				PRODUCT_NAME = "$(TARGET_NAME)";
				SKIP_INSTALL = YES;
				STRING_CATALOG_GENERATE_SYMBOLS = YES;
				SWIFT_APPROACHABLE_CONCURRENCY = YES;
				SWIFT_EMIT_LOC_STRINGS = YES;
				SWIFT_UPCOMING_FEATURE_MEMBER_IMPORT_VISIBILITY = YES;
				SWIFT_VERSION = 5.0;
				TARGETED_DEVICE_FAMILY = "1,2";
			};
			name = Release;
		};
		B3BEC3EC2EEAE6F50063B198 /* Debug */ = {
			isa = XCBuildConfiguration;
			buildSettings = {
				ASSETCATALOG_COMPILER_GLOBAL_ACCENT_COLOR_NAME = AccentColor;
				ASSETCATALOG_COMPILER_WIDGET_BACKGROUND_COLOR_NAME = WidgetBackground;
				CODE_SIGN_IDENTITY = "Apple Development";
				CODE_SIGN_STYLE = Automatic;
				CURRENT_PROJECT_VERSION = 1;
				DEVELOPMENT_TEAM = Y6DJA2Y4B8;
				GENERATE_INFOPLIST_FILE = YES;
				INFOPLIST_FILE = "Stock Tracker Widget/Info.plist";
				INFOPLIST_KEY_CFBundleDisplayName = "Stock Tracker Widget";
				INFOPLIST_KEY_NSHumanReadableCopyright = "";
				LD_RUNPATH_SEARCH_PATHS = (
					"$(inherited)",
					"@executable_path/Frameworks",
					"@executable_path/../../Frameworks",
				);
				MARKETING_VERSION = 1.0;
				PRODUCT_BUNDLE_IDENTIFIER = "Cubeplay.Stock-Tracker.Stock-Tracker-Widget";
				PRODUCT_NAME = "$(TARGET_NAME)";
				SKIP_INSTALL = YES;
				STRING_CATALOG_GENERATE_SYMBOLS = YES;
				SWIFT_APPROACHABLE_CONCURRENCY = YES;
				SWIFT_EMIT_LOC_STRINGS = YES;
				SWIFT_UPCOMING_FEATURE_MEMBER_IMPORT_VISIBILITY = YES;
				SWIFT_VERSION = 5.0;
				TARGETED_DEVICE_FAMILY = "1,2";
			};
			name = Debug;
		};
		B3BEC3ED2EEAE6F50063B198 /* Release */ = {
			isa = XCBuildConfiguration;
			buildSettings = {
				ASSETCATALOG_COMPILER_GLOBAL_ACCENT_COLOR_NAME = AccentColor;
				ASSETCATALOG_COMPILER_WIDGET_BACKGROUND_COLOR_NAME = WidgetBackground;
				CODE_SIGN_IDENTITY = "Apple Development";
				CODE_SIGN_STYLE = Automatic;
				CURRENT_PROJECT_VERSION = 1;
				DEVELOPMENT_TEAM = Y6DJA2Y4B8;
				GENERATE_INFOPLIST_FILE = YES;
				INFOPLIST_FILE = "Stock Tracker Widget/Info.plist";
				INFOPLIST_KEY_CFBundleDisplayName = "Stock Tracker Widget";
				INFOPLIST_KEY_NSHumanReadableCopyright = "";
				LD_RUNPATH_SEARCH_PATHS = (
					"$(inherited)",
					"@executable_path/Frameworks",
					"@executable_path/../../Frameworks",
				);
				MARKETING_VERSION = 1.0;
				PRODUCT_BUNDLE_IDENTIFIER = "Cubeplay.Stock-Tracker.Stock-Tracker-Widget";
				PRODUCT_NAME = "$(TARGET_NAME)";
				SKIP_INSTALL = YES;
				STRING_CATALOG_GENERATE_SYMBOLS = YES;
				SWIFT_APPROACHABLE_CONCURRENCY = YES;
				SWIFT_EMIT_LOC_STRINGS = YES;
				SWIFT_UPCOMING_FEATURE_MEMBER_IMPORT_VISIBILITY = YES;
				SWIFT_VERSION = 5.0;
				TARGETED_DEVICE_FAMILY = "1,2";
			};
			name = Release;
		};
/* End XCBuildConfiguration section */

/* Begin XCConfigurationList section */
		B3B9AE202ED9CE2D005F35F7 /* Build configuration list for PBXProject "Stock Tracker" */ = {
			isa = XCConfigurationList;
			buildConfigurations = (
				B3B9AE2E2ED9CE31005F35F7 /* Debug */,
				B3B9AE2F2ED9CE31005F35F7 /* Release */,
			);
			defaultConfigurationIsVisible = 0;
			defaultConfigurationName = Release;
		};
		B3B9AE302ED9CE31005F35F7 /* Build configuration list for PBXNativeTarget "Stock Tracker" */ = {
			isa = XCConfigurationList;
			buildConfigurations = (
				B3B9AE312ED9CE31005F35F7 /* Debug */,
				B3B9AE322ED9CE31005F35F7 /* Release */,
			);
			defaultConfigurationIsVisible = 0;
			defaultConfigurationName = Release;
		};
		B3BEC3882EEA664D0063B198 /* Build configuration list for PBXNativeTarget "Stock Tracker Notification" */ = {
			isa = XCConfigurationList;
			buildConfigurations = (
				B3BEC3892EEA664D0063B198 /* Debug */,
				B3BEC38A2EEA664D0063B198 /* Release */,
			);
			defaultConfigurationIsVisible = 0;
			defaultConfigurationName = Release;
		};
		B3BEC3EB2EEAE6F50063B198 /* Build configuration list for PBXNativeTarget "Stock Tracker WidgetExtension" */ = {
			isa = XCConfigurationList;
			buildConfigurations = (
				B3BEC3EC2EEAE6F50063B198 /* Debug */,
				B3BEC3ED2EEAE6F50063B198 /* Release */,
			);
			defaultConfigurationIsVisible = 0;
			defaultConfigurationName = Release;
		};
/* End XCConfigurationList section */
	};
	rootObject = B3B9AE1D2ED9CE2D005F35F7 /* Project object */;
}
